// !$*UTF8*$!
{
	archiveVersion = 1;
	classes = {
	};
	objectVersion = 50;
	objects = {

/* Begin PBXBuildFile section */
		37061EF922B8EB6A00500D22 /* AppDelegate.swift in Sources */ = {isa = PBXBuildFile; fileRef = 37061EF822B8EB6A00500D22 /* AppDelegate.swift */; };
		37061EFB22B8EB6A00500D22 /* ViewController.swift in Sources */ = {isa = PBXBuildFile; fileRef = 37061EFA22B8EB6A00500D22 /* ViewController.swift */; };
		37061EFE22B8EB6A00500D22 /* Main.storyboard in Resources */ = {isa = PBXBuildFile; fileRef = 37061EFC22B8EB6A00500D22 /* Main.storyboard */; };
		37061F0022B8EB6C00500D22 /* Assets.xcassets in Resources */ = {isa = PBXBuildFile; fileRef = 37061EFF22B8EB6C00500D22 /* Assets.xcassets */; };
		37061F0322B8EB6C00500D22 /* LaunchScreen.storyboard in Resources */ = {isa = PBXBuildFile; fileRef = 37061F0122B8EB6C00500D22 /* LaunchScreen.storyboard */; };
		371C9B4822C35F96007FC1F9 /* sixManChoreListViewController.swift in Sources */ = {isa = PBXBuildFile; fileRef = 371C9B4722C35F96007FC1F9 /* sixManChoreListViewController.swift */; };
		371C9B4A22C364A2007FC1F9 /* sixManViewController.swift in Sources */ = {isa = PBXBuildFile; fileRef = 371C9B4922C364A2007FC1F9 /* sixManViewController.swift */; };
		375FBA3F22C39DC300FD641C /* finalChoresViewController.swift in Sources */ = {isa = PBXBuildFile; fileRef = 375FBA3E22C39DC300FD641C /* finalChoresViewController.swift */; };
		375FBA4122C3E86900FD641C /* fourFinalChoresViewController.swift in Sources */ = {isa = PBXBuildFile; fileRef = 375FBA4022C3E86900FD641C /* fourFinalChoresViewController.swift */; };
		37B6868422C1517100808C4D /* fourManChoreListViewController.swift in Sources */ = {isa = PBXBuildFile; fileRef = 37B6868322C1517100808C4D /* fourManChoreListViewController.swift */; };
		37C8F81222C022E10039D2AB /* IntroScreen.swift in Sources */ = {isa = PBXBuildFile; fileRef = 37C8F81122C022E10039D2AB /* IntroScreen.swift */; };
		37C8F81422C024470039D2AB /* fourManViewController.swift in Sources */ = {isa = PBXBuildFile; fileRef = 37C8F81322C024470039D2AB /* fourManViewController.swift */; };
		37D5E07F22C1300F00D98056 /* ChoreListViewController.swift in Sources */ = {isa = PBXBuildFile; fileRef = 37D5E07E22C1300F00D98056 /* ChoreListViewController.swift */; };
		37DE1F4A22C5404700685870 /* sixFinalChoresViewController.swift in Sources */ = {isa = PBXBuildFile; fileRef = 37DE1F4922C5404700685870 /* sixFinalChoresViewController.swift */; };
		C452A82C1836BBC6756AD9A5 /* libPods-CleaningChart.a in Frameworks */ = {isa = PBXBuildFile; fileRef = 33E41B5C2B8E90D05B090229 /* libPods-CleaningChart.a */; };
/* End PBXBuildFile section */

/* Begin PBXFileReference section */
		328423AAE4346459DB8D71A5 /* Pods-CleaningChart.debug.xcconfig */ = {isa = PBXFileReference; includeInIndex = 1; lastKnownFileType = text.xcconfig; name = "Pods-CleaningChart.debug.xcconfig"; path = "Target Support Files/Pods-CleaningChart/Pods-CleaningChart.debug.xcconfig"; sourceTree = "<group>"; };
		33E41B5C2B8E90D05B090229 /* libPods-CleaningChart.a */ = {isa = PBXFileReference; explicitFileType = archive.ar; includeInIndex = 0; path = "libPods-CleaningChart.a"; sourceTree = BUILT_PRODUCTS_DIR; };
		37061EF522B8EB6A00500D22 /* CleaningChart.app */ = {isa = PBXFileReference; explicitFileType = wrapper.application; includeInIndex = 0; path = CleaningChart.app; sourceTree = BUILT_PRODUCTS_DIR; };
		37061EF822B8EB6A00500D22 /* AppDelegate.swift */ = {isa = PBXFileReference; lastKnownFileType = sourcecode.swift; path = AppDelegate.swift; sourceTree = "<group>"; };
		37061EFA22B8EB6A00500D22 /* ViewController.swift */ = {isa = PBXFileReference; lastKnownFileType = sourcecode.swift; path = ViewController.swift; sourceTree = "<group>"; };
		37061EFD22B8EB6A00500D22 /* Base */ = {isa = PBXFileReference; lastKnownFileType = file.storyboard; name = Base; path = Base.lproj/Main.storyboard; sourceTree = "<group>"; };
		37061EFF22B8EB6C00500D22 /* Assets.xcassets */ = {isa = PBXFileReference; lastKnownFileType = folder.assetcatalog; path = Assets.xcassets; sourceTree = "<group>"; };
		37061F0222B8EB6C00500D22 /* Base */ = {isa = PBXFileReference; lastKnownFileType = file.storyboard; name = Base; path = Base.lproj/LaunchScreen.storyboard; sourceTree = "<group>"; };
		37061F0422B8EB6C00500D22 /* Info.plist */ = {isa = PBXFileReference; lastKnownFileType = text.plist.xml; path = Info.plist; sourceTree = "<group>"; };
		371C9B4722C35F96007FC1F9 /* sixManChoreListViewController.swift */ = {isa = PBXFileReference; lastKnownFileType = sourcecode.swift; path = sixManChoreListViewController.swift; sourceTree = "<group>"; };
		371C9B4922C364A2007FC1F9 /* sixManViewController.swift */ = {isa = PBXFileReference; lastKnownFileType = sourcecode.swift; path = sixManViewController.swift; sourceTree = "<group>"; };
		375FBA3E22C39DC300FD641C /* finalChoresViewController.swift */ = {isa = PBXFileReference; lastKnownFileType = sourcecode.swift; path = finalChoresViewController.swift; sourceTree = "<group>"; };
		375FBA4022C3E86900FD641C /* fourFinalChoresViewController.swift */ = {isa = PBXFileReference; lastKnownFileType = sourcecode.swift; path = fourFinalChoresViewController.swift; sourceTree = "<group>"; };
		37B6868322C1517100808C4D /* fourManChoreListViewController.swift */ = {isa = PBXFileReference; lastKnownFileType = sourcecode.swift; path = fourManChoreListViewController.swift; sourceTree = "<group>"; };
		37C8F81122C022E10039D2AB /* IntroScreen.swift */ = {isa = PBXFileReference; lastKnownFileType = sourcecode.swift; path = IntroScreen.swift; sourceTree = "<group>"; };
		37C8F81322C024470039D2AB /* fourManViewController.swift */ = {isa = PBXFileReference; lastKnownFileType = sourcecode.swift; path = fourManViewController.swift; sourceTree = "<group>"; };
		37D5E07E22C1300F00D98056 /* ChoreListViewController.swift */ = {isa = PBXFileReference; lastKnownFileType = sourcecode.swift; path = ChoreListViewController.swift; sourceTree = "<group>"; };
		37DE1F4922C5404700685870 /* sixFinalChoresViewController.swift */ = {isa = PBXFileReference; lastKnownFileType = sourcecode.swift; path = sixFinalChoresViewController.swift; sourceTree = "<group>"; };
		EDF0C644A26A4564505AE594 /* Pods-CleaningChart.release.xcconfig */ = {isa = PBXFileReference; includeInIndex = 1; lastKnownFileType = text.xcconfig; name = "Pods-CleaningChart.release.xcconfig"; path = "Target Support Files/Pods-CleaningChart/Pods-CleaningChart.release.xcconfig"; sourceTree = "<group>"; };
/* End PBXFileReference section */

/* Begin PBXFrameworksBuildPhase section */
		37061EF222B8EB6A00500D22 /* Frameworks */ = {
			isa = PBXFrameworksBuildPhase;
			buildActionMask = 2147483647;
			files = (
				C452A82C1836BBC6756AD9A5 /* libPods-CleaningChart.a in Frameworks */,
			);
			runOnlyForDeploymentPostprocessing = 0;
		};
/* End PBXFrameworksBuildPhase section */

/* Begin PBXGroup section */
		37061EEC22B8EB6A00500D22 = {
			isa = PBXGroup;
			children = (
				37061EF722B8EB6A00500D22 /* CleaningChart */,
				37061EF622B8EB6A00500D22 /* Products */,
				85DCB5208B6AF70BC41CA8C6 /* Pods */,
				BDA184ED111FF871EB25E1C1 /* Frameworks */,
			);
			sourceTree = "<group>";
		};
		37061EF622B8EB6A00500D22 /* Products */ = {
			isa = PBXGroup;
			children = (
				37061EF522B8EB6A00500D22 /* CleaningChart.app */,
			);
			name = Products;
			sourceTree = "<group>";
		};
		37061EF722B8EB6A00500D22 /* CleaningChart */ = {
			isa = PBXGroup;
			children = (
				37061EF822B8EB6A00500D22 /* AppDelegate.swift */,
				37C8F81122C022E10039D2AB /* IntroScreen.swift */,
				37061EFA22B8EB6A00500D22 /* ViewController.swift */,
				37C8F81322C024470039D2AB /* fourManViewController.swift */,
				371C9B4922C364A2007FC1F9 /* sixManViewController.swift */,
				37061EFC22B8EB6A00500D22 /* Main.storyboard */,
				37D5E07E22C1300F00D98056 /* ChoreListViewController.swift */,
				37B6868322C1517100808C4D /* fourManChoreListViewController.swift */,
				371C9B4722C35F96007FC1F9 /* sixManChoreListViewController.swift */,
				375FBA3E22C39DC300FD641C /* finalChoresViewController.swift */,
				375FBA4022C3E86900FD641C /* fourFinalChoresViewController.swift */,
				37DE1F4922C5404700685870 /* sixFinalChoresViewController.swift */,
				37061EFF22B8EB6C00500D22 /* Assets.xcassets */,
				37061F0122B8EB6C00500D22 /* LaunchScreen.storyboard */,
				37061F0422B8EB6C00500D22 /* Info.plist */,
			);
			path = CleaningChart;
			sourceTree = "<group>";
		};
		85DCB5208B6AF70BC41CA8C6 /* Pods */ = {
			isa = PBXGroup;
			children = (
				328423AAE4346459DB8D71A5 /* Pods-CleaningChart.debug.xcconfig */,
				EDF0C644A26A4564505AE594 /* Pods-CleaningChart.release.xcconfig */,
			);
			path = Pods;
			sourceTree = "<group>";
		};
		BDA184ED111FF871EB25E1C1 /* Frameworks */ = {
			isa = PBXGroup;
			children = (
				33E41B5C2B8E90D05B090229 /* libPods-CleaningChart.a */,
			);
			name = Frameworks;
			sourceTree = "<group>";
		};
/* End PBXGroup section */

/* Begin PBXNativeTarget section */
		37061EF422B8EB6A00500D22 /* CleaningChart */ = {
			isa = PBXNativeTarget;
			buildConfigurationList = 37061F0722B8EB6C00500D22 /* Build configuration list for PBXNativeTarget "CleaningChart" */;
			buildPhases = (
				BD4CF9964A0BFC19F80FA5E9 /* [CP] Check Pods Manifest.lock */,
				37061EF122B8EB6A00500D22 /* Sources */,
				37061EF222B8EB6A00500D22 /* Frameworks */,
				37061EF322B8EB6A00500D22 /* Resources */,
			);
			buildRules = (
			);
			dependencies = (
			);
			name = CleaningChart;
			productName = CleaningChart;
			productReference = 37061EF522B8EB6A00500D22 /* CleaningChart.app */;
			productType = "com.apple.product-type.application";
		};
/* End PBXNativeTarget section */

/* Begin PBXProject section */
		37061EED22B8EB6A00500D22 /* Project object */ = {
			isa = PBXProject;
			attributes = {
				LastSwiftUpdateCheck = 1020;
				LastUpgradeCheck = 1020;
				ORGANIZATIONNAME = "Kelly Slimmon";
				TargetAttributes = {
					37061EF422B8EB6A00500D22 = {
						CreatedOnToolsVersion = 10.2.1;
					};
				};
			};
			buildConfigurationList = 37061EF022B8EB6A00500D22 /* Build configuration list for PBXProject "CleaningChart" */;
			compatibilityVersion = "Xcode 9.3";
			developmentRegion = en;
			hasScannedForEncodings = 0;
			knownRegions = (
				en,
				Base,
			);
			mainGroup = 37061EEC22B8EB6A00500D22;
			productRefGroup = 37061EF622B8EB6A00500D22 /* Products */;
			projectDirPath = "";
			projectRoot = "";
			targets = (
				37061EF422B8EB6A00500D22 /* CleaningChart */,
			);
		};
/* End PBXProject section */

/* Begin PBXResourcesBuildPhase section */
		37061EF322B8EB6A00500D22 /* Resources */ = {
			isa = PBXResourcesBuildPhase;
			buildActionMask = 2147483647;
			files = (
				37061F0322B8EB6C00500D22 /* LaunchScreen.storyboard in Resources */,
				37061F0022B8EB6C00500D22 /* Assets.xcassets in Resources */,
				37061EFE22B8EB6A00500D22 /* Main.storyboard in Resources */,
			);
			runOnlyForDeploymentPostprocessing = 0;
		};
/* End PBXResourcesBuildPhase section */

/* Begin PBXShellScriptBuildPhase section */
		BD4CF9964A0BFC19F80FA5E9 /* [CP] Check Pods Manifest.lock */ = {
			isa = PBXShellScriptBuildPhase;
			buildActionMask = 2147483647;
			files = (
			);
			inputFileListPaths = (
			);
			inputPaths = (
				"${PODS_PODFILE_DIR_PATH}/Podfile.lock",
				"${PODS_ROOT}/Manifest.lock",
			);
			name = "[CP] Check Pods Manifest.lock";
			outputFileListPaths = (
			);
			outputPaths = (
				"$(DERIVED_FILE_DIR)/Pods-CleaningChart-checkManifestLockResult.txt",
			);
			runOnlyForDeploymentPostprocessing = 0;
			shellPath = /bin/sh;
			shellScript = "diff \"${PODS_PODFILE_DIR_PATH}/Podfile.lock\" \"${PODS_ROOT}/Manifest.lock\" > /dev/null\nif [ $? != 0 ] ; then\n    # print error to STDERR\n    echo \"error: The sandbox is not in sync with the Podfile.lock. Run 'pod install' or update your CocoaPods installation.\" >&2\n    exit 1\nfi\n# This output is used by Xcode 'outputs' to avoid re-running this script phase.\necho \"SUCCESS\" > \"${SCRIPT_OUTPUT_FILE_0}\"\n";
			showEnvVarsInLog = 0;
		};
/* End PBXShellScriptBuildPhase section */

/* Begin PBXSourcesBuildPhase section */
		37061EF122B8EB6A00500D22 /* Sources */ = {
			isa = PBXSourcesBuildPhase;
			buildActionMask = 2147483647;
			files = (
				37061EFB22B8EB6A00500D22 /* ViewController.swift in Sources */,
				371C9B4822C35F96007FC1F9 /* sixManChoreListViewController.swift in Sources */,
				37C8F81422C024470039D2AB /* fourManViewController.swift in Sources */,
				37C8F81222C022E10039D2AB /* IntroScreen.swift in Sources */,
				371C9B4A22C364A2007FC1F9 /* sixManViewController.swift in Sources */,
				37B6868422C1517100808C4D /* fourManChoreListViewController.swift in Sources */,
				375FBA3F22C39DC300FD641C /* finalChoresViewController.swift in Sources */,
				37DE1F4A22C5404700685870 /* sixFinalChoresViewController.swift in Sources */,
				375FBA4122C3E86900FD641C /* fourFinalChoresViewController.swift in Sources */,
				37061EF922B8EB6A00500D22 /* AppDelegate.swift in Sources */,
				37D5E07F22C1300F00D98056 /* ChoreListViewController.swift in Sources */,
			);
			runOnlyForDeploymentPostprocessing = 0;
		};
/* End PBXSourcesBuildPhase section */

/* Begin PBXVariantGroup section */
		37061EFC22B8EB6A00500D22 /* Main.storyboard */ = {
			isa = PBXVariantGroup;
			children = (
				37061EFD22B8EB6A00500D22 /* Base */,
			);
			name = Main.storyboard;
			sourceTree = "<group>";
		};
		37061F0122B8EB6C00500D22 /* LaunchScreen.storyboard */ = {
			isa = PBXVariantGroup;
			children = (
				37061F0222B8EB6C00500D22 /* Base */,
			);
			name = LaunchScreen.storyboard;
			sourceTree = "<group>";
		};
/* End PBXVariantGroup section */

/* Begin XCBuildConfiguration section */
		37061F0522B8EB6C00500D22 /* Debug */ = {
			isa = XCBuildConfiguration;
			buildSettings = {
				ALWAYS_SEARCH_USER_PATHS = NO;
				CLANG_ANALYZER_NONNULL = YES;
				CLANG_ANALYZER_NUMBER_OBJECT_CONVERSION = YES_AGGRESSIVE;
				CLANG_CXX_LANGUAGE_STANDARD = "gnu++14";
				CLANG_CXX_LIBRARY = "libc++";
				CLANG_ENABLE_MODULES = YES;
				CLANG_ENABLE_OBJC_ARC = YES;
				CLANG_ENABLE_OBJC_WEAK = YES;
				CLANG_WARN_BLOCK_CAPTURE_AUTORELEASING = YES;
				CLANG_WARN_BOOL_CONVERSION = YES;
				CLANG_WARN_COMMA = YES;
				CLANG_WARN_CONSTANT_CONVERSION = YES;
				CLANG_WARN_DEPRECATED_OBJC_IMPLEMENTATIONS = YES;
				CLANG_WARN_DIRECT_OBJC_ISA_USAGE = YES_ERROR;
				CLANG_WARN_DOCUMENTATION_COMMENTS = YES;
				CLANG_WARN_EMPTY_BODY = YES;
				CLANG_WARN_ENUM_CONVERSION = YES;
				CLANG_WARN_INFINITE_RECURSION = YES;
				CLANG_WARN_INT_CONVERSION = YES;
				CLANG_WARN_NON_LITERAL_NULL_CONVERSION = YES;
				CLANG_WARN_OBJC_IMPLICIT_RETAIN_SELF = YES;
				CLANG_WARN_OBJC_LITERAL_CONVERSION = YES;
				CLANG_WARN_OBJC_ROOT_CLASS = YES_ERROR;
				CLANG_WARN_RANGE_LOOP_ANALYSIS = YES;
				CLANG_WARN_STRICT_PROTOTYPES = YES;
				CLANG_WARN_SUSPICIOUS_MOVE = YES;
				CLANG_WARN_UNGUARDED_AVAILABILITY = YES_AGGRESSIVE;
				CLANG_WARN_UNREACHABLE_CODE = YES;
				CLANG_WARN__DUPLICATE_METHOD_MATCH = YES;
				CODE_SIGN_IDENTITY = "iPhone Developer";
				COPY_PHASE_STRIP = NO;
				DEBUG_INFORMATION_FORMAT = dwarf;
				ENABLE_STRICT_OBJC_MSGSEND = YES;
				ENABLE_TESTABILITY = YES;
				GCC_C_LANGUAGE_STANDARD = gnu11;
				GCC_DYNAMIC_NO_PIC = NO;
				GCC_NO_COMMON_BLOCKS = YES;
				GCC_OPTIMIZATION_LEVEL = 0;
				GCC_PREPROCESSOR_DEFINITIONS = (
					"DEBUG=1",
					"$(inherited)",
				);
				GCC_WARN_64_TO_32_BIT_CONVERSION = YES;
				GCC_WARN_ABOUT_RETURN_TYPE = YES_ERROR;
				GCC_WARN_UNDECLARED_SELECTOR = YES;
				GCC_WARN_UNINITIALIZED_AUTOS = YES_AGGRESSIVE;
				GCC_WARN_UNUSED_FUNCTION = YES;
				GCC_WARN_UNUSED_VARIABLE = YES;
				IPHONEOS_DEPLOYMENT_TARGET = 12.2;
				MTL_ENABLE_DEBUG_INFO = INCLUDE_SOURCE;
				MTL_FAST_MATH = YES;
				ONLY_ACTIVE_ARCH = YES;
				SDKROOT = iphoneos;
				SWIFT_ACTIVE_COMPILATION_CONDITIONS = DEBUG;
				SWIFT_OPTIMIZATION_LEVEL = "-Onone";
			};
			name = Debug;
		};
		37061F0622B8EB6C00500D22 /* Release */ = {
			isa = XCBuildConfiguration;
			buildSettings = {
				ALWAYS_SEARCH_USER_PATHS = NO;
				CLANG_ANALYZER_NONNULL = YES;
				CLANG_ANALYZER_NUMBER_OBJECT_CONVERSION = YES_AGGRESSIVE;
				CLANG_CXX_LANGUAGE_STANDARD = "gnu++14";
				CLANG_CXX_LIBRARY = "libc++";
				CLANG_ENABLE_MODULES = YES;
				CLANG_ENABLE_OBJC_ARC = YES;
				CLANG_ENABLE_OBJC_WEAK = YES;
				CLANG_WARN_BLOCK_CAPTURE_AUTORELEASING = YES;
				CLANG_WARN_BOOL_CONVERSION = YES;
				CLANG_WARN_COMMA = YES;
				CLANG_WARN_CONSTANT_CONVERSION = YES;
				CLANG_WARN_DEPRECATED_OBJC_IMPLEMENTATIONS = YES;
				CLANG_WARN_DIRECT_OBJC_ISA_USAGE = YES_ERROR;
				CLANG_WARN_DOCUMENTATION_COMMENTS = YES;
				CLANG_WARN_EMPTY_BODY = YES;
				CLANG_WARN_ENUM_CONVERSION = YES;
				CLANG_WARN_INFINITE_RECURSION = YES;
				CLANG_WARN_INT_CONVERSION = YES;
				CLANG_WARN_NON_LITERAL_NULL_CONVERSION = YES;
				CLANG_WARN_OBJC_IMPLICIT_RETAIN_SELF = YES;
				CLANG_WARN_OBJC_LITERAL_CONVERSION = YES;
				CLANG_WARN_OBJC_ROOT_CLASS = YES_ERROR;
				CLANG_WARN_RANGE_LOOP_ANALYSIS = YES;
				CLANG_WARN_STRICT_PROTOTYPES = YES;
				CLANG_WARN_SUSPICIOUS_MOVE = YES;
				CLANG_WARN_UNGUARDED_AVAILABILITY = YES_AGGRESSIVE;
				CLANG_WARN_UNREACHABLE_CODE = YES;
				CLANG_WARN__DUPLICATE_METHOD_MATCH = YES;
				CODE_SIGN_IDENTITY = "iPhone Developer";
				COPY_PHASE_STRIP = NO;
				DEBUG_INFORMATION_FORMAT = "dwarf-with-dsym";
				ENABLE_NS_ASSERTIONS = NO;
				ENABLE_STRICT_OBJC_MSGSEND = YES;
				GCC_C_LANGUAGE_STANDARD = gnu11;
				GCC_NO_COMMON_BLOCKS = YES;
				GCC_WARN_64_TO_32_BIT_CONVERSION = YES;
				GCC_WARN_ABOUT_RETURN_TYPE = YES_ERROR;
				GCC_WARN_UNDECLARED_SELECTOR = YES;
				GCC_WARN_UNINITIALIZED_AUTOS = YES_AGGRESSIVE;
				GCC_WARN_UNUSED_FUNCTION = YES;
				GCC_WARN_UNUSED_VARIABLE = YES;
				IPHONEOS_DEPLOYMENT_TARGET = 12.2;
				MTL_ENABLE_DEBUG_INFO = NO;
				MTL_FAST_MATH = YES;
				SDKROOT = iphoneos;
				SWIFT_COMPILATION_MODE = wholemodule;
				SWIFT_OPTIMIZATION_LEVEL = "-O";
				VALIDATE_PRODUCT = YES;
			};
			name = Release;
		};
		37061F0822B8EB6C00500D22 /* Debug */ = {
			isa = XCBuildConfiguration;
			baseConfigurationReference = 328423AAE4346459DB8D71A5 /* Pods-CleaningChart.debug.xcconfig */;
			buildSettings = {
				ASSETCATALOG_COMPILER_APPICON_NAME = AppIcon;
				CODE_SIGN_STYLE = Automatic;
				DEVELOPMENT_TEAM = 6UK4BCU7T9;
				INFOPLIST_FILE = CleaningChart/Info.plist;
				LD_RUNPATH_SEARCH_PATHS = (
					"$(inherited)",
					"@executable_path/Frameworks",
				);
				PRODUCT_BUNDLE_IDENTIFIER = slimmon.CleaningChart;
				PRODUCT_NAME = "$(TARGET_NAME)";
				SWIFT_VERSION = 5.0;
				TARGETED_DEVICE_FAMILY = "1,2";
			};
			name = Debug;
		};
		37061F0922B8EB6C00500D22 /* Release */ = {
			isa = XCBuildConfiguration;
			baseConfigurationReference = EDF0C644A26A4564505AE594 /* Pods-CleaningChart.release.xcconfig */;
			buildSettings = {
				ASSETCATALOG_COMPILER_APPICON_NAME = AppIcon;
				CODE_SIGN_STYLE = Automatic;
				DEVELOPMENT_TEAM = 6UK4BCU7T9;
				INFOPLIST_FILE = CleaningChart/Info.plist;
				LD_RUNPATH_SEARCH_PATHS = (
					"$(inherited)",
					"@executable_path/Frameworks",
				);
				PRODUCT_BUNDLE_IDENTIFIER = slimmon.CleaningChart;
				PRODUCT_NAME = "$(TARGET_NAME)";
				SWIFT_VERSION = 5.0;
				TARGETED_DEVICE_FAMILY = "1,2";
			};
			name = Release;
		};
/* End XCBuildConfiguration section */

/* Begin XCConfigurationList section */
		37061EF022B8EB6A00500D22 /* Build configuration list for PBXProject "CleaningChart" */ = {
			isa = XCConfigurationList;
			buildConfigurations = (
				37061F0522B8EB6C00500D22 /* Debug */,
				37061F0622B8EB6C00500D22 /* Release */,
			);
			defaultConfigurationIsVisible = 0;
			defaultConfigurationName = Release;
		};
		37061F0722B8EB6C00500D22 /* Build configuration list for PBXNativeTarget "CleaningChart" */ = {
			isa = XCConfigurationList;
			buildConfigurations = (
				37061F0822B8EB6C00500D22 /* Debug */,
				37061F0922B8EB6C00500D22 /* Release */,
			);
			defaultConfigurationIsVisible = 0;
			defaultConfigurationName = Release;
		};
/* End XCConfigurationList section */
	};
	rootObject = 37061EED22B8EB6A00500D22 /* Project object */;
}
